// !$*UTF8*$!
{
	archiveVersion = 1;
	classes = {
	};
	objectVersion = 55;
	objects = {

/* Begin PBXBuildFile section */
		DC0B966D27B532D200A1221E /* BusinessDetail.swift in Sources */ = {isa = PBXBuildFile; fileRef = DC0B966C27B532D200A1221E /* BusinessDetail.swift */; };
		DC0CB6AC27A32D240038E655 /* CitySightsApp.swift in Sources */ = {isa = PBXBuildFile; fileRef = DC0CB6AB27A32D240038E655 /* CitySightsApp.swift */; };
		DC0CB6AE27A32D240038E655 /* LaunchView.swift in Sources */ = {isa = PBXBuildFile; fileRef = DC0CB6AD27A32D240038E655 /* LaunchView.swift */; };
		DC0CB6B027A32D2D0038E655 /* Assets.xcassets in Resources */ = {isa = PBXBuildFile; fileRef = DC0CB6AF27A32D2D0038E655 /* Assets.xcassets */; };
		DC0CB6B327A32D2D0038E655 /* Preview Assets.xcassets in Resources */ = {isa = PBXBuildFile; fileRef = DC0CB6B227A32D2D0038E655 /* Preview Assets.xcassets */; };
		DC0CB6BD27A3312F0038E655 /* ContentModel.swift in Sources */ = {isa = PBXBuildFile; fileRef = DC0CB6BC27A3312F0038E655 /* ContentModel.swift */; };
		DCC74D7427B29AEE001C15A5 /* HomeView.swift in Sources */ = {isa = PBXBuildFile; fileRef = DCC74D7327B29AEE001C15A5 /* HomeView.swift */; };
		DCC74D7727B2A245001C15A5 /* BusinessList.swift in Sources */ = {isa = PBXBuildFile; fileRef = DCC74D7627B2A245001C15A5 /* BusinessList.swift */; };
		DCC74D7927B451DB001C15A5 /* BusinessSectionHeader.swift in Sources */ = {isa = PBXBuildFile; fileRef = DCC74D7827B451DA001C15A5 /* BusinessSectionHeader.swift */; };
		DCC74D7B27B45320001C15A5 /* BusinessSection.swift in Sources */ = {isa = PBXBuildFile; fileRef = DCC74D7A27B45320001C15A5 /* BusinessSection.swift */; };
		DCC74D7D27B456A6001C15A5 /* BusinessRow.swift in Sources */ = {isa = PBXBuildFile; fileRef = DCC74D7C27B456A6001C15A5 /* BusinessRow.swift */; };
		DCEC29C227B18C58003E72D2 /* Business.swift in Sources */ = {isa = PBXBuildFile; fileRef = DCEC29C127B18C58003E72D2 /* Business.swift */; };
		DCEC29C427B18E11003E72D2 /* BusinessSearch.swift in Sources */ = {isa = PBXBuildFile; fileRef = DCEC29C327B18E11003E72D2 /* BusinessSearch.swift */; };
		DCEC29C727B190C1003E72D2 /* Constants.swift in Sources */ = {isa = PBXBuildFile; fileRef = DCEC29C627B190C1003E72D2 /* Constants.swift */; };
/* End PBXBuildFile section */

/* Begin PBXFileReference section */
		DC0B966C27B532D200A1221E /* BusinessDetail.swift */ = {isa = PBXFileReference; lastKnownFileType = sourcecode.swift; path = BusinessDetail.swift; sourceTree = "<group>"; };
		DC0CB6A827A32D240038E655 /* City Sights App.app */ = {isa = PBXFileReference; explicitFileType = wrapper.application; includeInIndex = 0; path = "City Sights App.app"; sourceTree = BUILT_PRODUCTS_DIR; };
		DC0CB6AB27A32D240038E655 /* CitySightsApp.swift */ = {isa = PBXFileReference; lastKnownFileType = sourcecode.swift; path = CitySightsApp.swift; sourceTree = "<group>"; };
		DC0CB6AD27A32D240038E655 /* LaunchView.swift */ = {isa = PBXFileReference; lastKnownFileType = sourcecode.swift; path = LaunchView.swift; sourceTree = "<group>"; };
		DC0CB6AF27A32D2D0038E655 /* Assets.xcassets */ = {isa = PBXFileReference; lastKnownFileType = folder.assetcatalog; path = Assets.xcassets; sourceTree = "<group>"; };
		DC0CB6B227A32D2D0038E655 /* Preview Assets.xcassets */ = {isa = PBXFileReference; lastKnownFileType = folder.assetcatalog; path = "Preview Assets.xcassets"; sourceTree = "<group>"; };
		DC0CB6BC27A3312F0038E655 /* ContentModel.swift */ = {isa = PBXFileReference; lastKnownFileType = sourcecode.swift; path = ContentModel.swift; sourceTree = "<group>"; };
		DCC74D7327B29AEE001C15A5 /* HomeView.swift */ = {isa = PBXFileReference; lastKnownFileType = sourcecode.swift; path = HomeView.swift; sourceTree = "<group>"; };
		DCC74D7627B2A245001C15A5 /* BusinessList.swift */ = {isa = PBXFileReference; lastKnownFileType = sourcecode.swift; path = BusinessList.swift; sourceTree = "<group>"; };
		DCC74D7827B451DA001C15A5 /* BusinessSectionHeader.swift */ = {isa = PBXFileReference; lastKnownFileType = sourcecode.swift; path = BusinessSectionHeader.swift; sourceTree = "<group>"; };
		DCC74D7A27B45320001C15A5 /* BusinessSection.swift */ = {isa = PBXFileReference; lastKnownFileType = sourcecode.swift; path = BusinessSection.swift; sourceTree = "<group>"; };
		DCC74D7C27B456A6001C15A5 /* BusinessRow.swift */ = {isa = PBXFileReference; lastKnownFileType = sourcecode.swift; path = BusinessRow.swift; sourceTree = "<group>"; };
		DCEC29C127B18C58003E72D2 /* Business.swift */ = {isa = PBXFileReference; lastKnownFileType = sourcecode.swift; path = Business.swift; sourceTree = "<group>"; };
		DCEC29C327B18E11003E72D2 /* BusinessSearch.swift */ = {isa = PBXFileReference; lastKnownFileType = sourcecode.swift; path = BusinessSearch.swift; sourceTree = "<group>"; };
		DCEC29C627B190C1003E72D2 /* Constants.swift */ = {isa = PBXFileReference; lastKnownFileType = sourcecode.swift; path = Constants.swift; sourceTree = "<group>"; };
/* End PBXFileReference section */

/* Begin PBXFrameworksBuildPhase section */
		DC0CB6A527A32D240038E655 /* Frameworks */ = {
			isa = PBXFrameworksBuildPhase;
			buildActionMask = 2147483647;
			files = (
			);
			runOnlyForDeploymentPostprocessing = 0;
		};
/* End PBXFrameworksBuildPhase section */

/* Begin PBXGroup section */
		DC0B966B27B532A400A1221E /* Detail */ = {
			isa = PBXGroup;
			children = (
				DC0B966C27B532D200A1221E /* BusinessDetail.swift */,
			);
			path = Detail;
			sourceTree = "<group>";
		};
		DC0CB69F27A32D240038E655 = {
			isa = PBXGroup;
			children = (
				DC0CB6AB27A32D240038E655 /* CitySightsApp.swift */,
				DC0CB6AA27A32D240038E655 /* City Sights App */,
				DC0CB6A927A32D240038E655 /* Products */,
			);
			sourceTree = "<group>";
		};
		DC0CB6A927A32D240038E655 /* Products */ = {
			isa = PBXGroup;
			children = (
				DC0CB6A827A32D240038E655 /* City Sights App.app */,
			);
			name = Products;
			sourceTree = "<group>";
		};
		DC0CB6AA27A32D240038E655 /* City Sights App */ = {
			isa = PBXGroup;
			children = (
				DC0CB6BB27A32E5D0038E655 /* Views */,
				DC0CB6BA27A32E4C0038E655 /* ViewModels */,
				DC0CB6B927A32E470038E655 /* Models */,
				DC0CB6AF27A32D2D0038E655 /* Assets.xcassets */,
				DCEC29C527B1909F003E72D2 /* Helpers */,
				DC0CB6B127A32D2D0038E655 /* Preview Content */,
			);
			path = "City Sights App";
			sourceTree = "<group>";
		};
		DC0CB6B127A32D2D0038E655 /* Preview Content */ = {
			isa = PBXGroup;
			children = (
				DC0CB6B227A32D2D0038E655 /* Preview Assets.xcassets */,
			);
			path = "Preview Content";
			sourceTree = "<group>";
		};
		DC0CB6B927A32E470038E655 /* Models */ = {
			isa = PBXGroup;
			children = (
				DCEC29C127B18C58003E72D2 /* Business.swift */,
				DCEC29C327B18E11003E72D2 /* BusinessSearch.swift */,
			);
			path = Models;
			sourceTree = "<group>";
		};
		DC0CB6BA27A32E4C0038E655 /* ViewModels */ = {
			isa = PBXGroup;
			children = (
				DC0CB6BC27A3312F0038E655 /* ContentModel.swift */,
			);
			path = ViewModels;
			sourceTree = "<group>";
		};
		DC0CB6BB27A32E5D0038E655 /* Views */ = {
			isa = PBXGroup;
			children = (
				DC0CB6AD27A32D240038E655 /* LaunchView.swift */,
				DCC74D7027B29A77001C15A5 /* Home */,
				DCC74D7527B2A21C001C15A5 /* List */,
				DC0B966B27B532A400A1221E /* Detail */,
				DCC74D7127B29A83001C15A5 /* Denied */,
				DCC74D7227B29A8E001C15A5 /* Onboarding */,
			);
			path = Views;
			sourceTree = "<group>";
		};
		DCC74D7027B29A77001C15A5 /* Home */ = {
			isa = PBXGroup;
			children = (
				DCC74D7327B29AEE001C15A5 /* HomeView.swift */,
			);
			path = Home;
			sourceTree = "<group>";
		};
		DCC74D7127B29A83001C15A5 /* Denied */ = {
			isa = PBXGroup;
			children = (
			);
			path = Denied;
			sourceTree = "<group>";
		};
		DCC74D7227B29A8E001C15A5 /* Onboarding */ = {
			isa = PBXGroup;
			children = (
			);
			path = Onboarding;
			sourceTree = "<group>";
		};
		DCC74D7527B2A21C001C15A5 /* List */ = {
			isa = PBXGroup;
			children = (
				DCC74D7627B2A245001C15A5 /* BusinessList.swift */,
				DCC74D7827B451DA001C15A5 /* BusinessSectionHeader.swift */,
				DCC74D7A27B45320001C15A5 /* BusinessSection.swift */,
				DCC74D7C27B456A6001C15A5 /* BusinessRow.swift */,
			);
			path = List;
			sourceTree = "<group>";
		};
		DCEC29C527B1909F003E72D2 /* Helpers */ = {
			isa = PBXGroup;
			children = (
				DCEC29C627B190C1003E72D2 /* Constants.swift */,
			);
			path = Helpers;
			sourceTree = "<group>";
		};
/* End PBXGroup section */

/* Begin PBXNativeTarget section */
		DC0CB6A727A32D240038E655 /* City Sights App */ = {
			isa = PBXNativeTarget;
			buildConfigurationList = DC0CB6B627A32D2D0038E655 /* Build configuration list for PBXNativeTarget "City Sights App" */;
			buildPhases = (
				DC0CB6A427A32D240038E655 /* Sources */,
				DC0CB6A527A32D240038E655 /* Frameworks */,
				DC0CB6A627A32D240038E655 /* Resources */,
			);
			buildRules = (
			);
			dependencies = (
			);
			name = "City Sights App";
			productName = "City Sights App";
			productReference = DC0CB6A827A32D240038E655 /* City Sights App.app */;
			productType = "com.apple.product-type.application";
		};
/* End PBXNativeTarget section */

/* Begin PBXProject section */
		DC0CB6A027A32D240038E655 /* Project object */ = {
			isa = PBXProject;
			attributes = {
				BuildIndependentTargetsInParallel = 1;
				LastSwiftUpdateCheck = 1300;
				LastUpgradeCheck = 1300;
				TargetAttributes = {
					DC0CB6A727A32D240038E655 = {
						CreatedOnToolsVersion = 13.0;
					};
				};
			};
			buildConfigurationList = DC0CB6A327A32D240038E655 /* Build configuration list for PBXProject "City Sights App" */;
			compatibilityVersion = "Xcode 13.0";
			developmentRegion = en;
			hasScannedForEncodings = 0;
			knownRegions = (
				en,
				Base,
			);
			mainGroup = DC0CB69F27A32D240038E655;
			productRefGroup = DC0CB6A927A32D240038E655 /* Products */;
			projectDirPath = "";
			projectRoot = "";
			targets = (
				DC0CB6A727A32D240038E655 /* City Sights App */,
			);
		};
/* End PBXProject section */

/* Begin PBXResourcesBuildPhase section */
		DC0CB6A627A32D240038E655 /* Resources */ = {
			isa = PBXResourcesBuildPhase;
			buildActionMask = 2147483647;
			files = (
				DC0CB6B327A32D2D0038E655 /* Preview Assets.xcassets in Resources */,
				DC0CB6B027A32D2D0038E655 /* Assets.xcassets in Resources */,
			);
			runOnlyForDeploymentPostprocessing = 0;
		};
/* End PBXResourcesBuildPhase section */

/* Begin PBXSourcesBuildPhase section */
		DC0CB6A427A32D240038E655 /* Sources */ = {
			isa = PBXSourcesBuildPhase;
			buildActionMask = 2147483647;
			files = (
				DC0CB6AE27A32D240038E655 /* LaunchView.swift in Sources */,
				DCC74D7D27B456A6001C15A5 /* BusinessRow.swift in Sources */,
				DCC74D7427B29AEE001C15A5 /* HomeView.swift in Sources */,
				DCEC29C227B18C58003E72D2 /* Business.swift in Sources */,
				DCC74D7927B451DB001C15A5 /* BusinessSectionHeader.swift in Sources */,
				DC0CB6AC27A32D240038E655 /* CitySightsApp.swift in Sources */,
				DC0B966D27B532D200A1221E /* BusinessDetail.swift in Sources */,
				DCEC29C427B18E11003E72D2 /* BusinessSearch.swift in Sources */,
				DCC74D7727B2A245001C15A5 /* BusinessList.swift in Sources */,
				DCC74D7B27B45320001C15A5 /* BusinessSection.swift in Sources */,
				DC0CB6BD27A3312F0038E655 /* ContentModel.swift in Sources */,
				DCEC29C727B190C1003E72D2 /* Constants.swift in Sources */,
			);
			runOnlyForDeploymentPostprocessing = 0;
		};
/* End PBXSourcesBuildPhase section */

/* Begin XCBuildConfiguration section */
		DC0CB6B427A32D2D0038E655 /* Debug */ = {
			isa = XCBuildConfiguration;
			buildSettings = {
				ALWAYS_SEARCH_USER_PATHS = NO;
				CLANG_ANALYZER_NONNULL = YES;
				CLANG_ANALYZER_NUMBER_OBJECT_CONVERSION = YES_AGGRESSIVE;
				CLANG_CXX_LANGUAGE_STANDARD = "gnu++17";
				CLANG_CXX_LIBRARY = "libc++";
				CLANG_ENABLE_MODULES = YES;
				CLANG_ENABLE_OBJC_ARC = YES;
				CLANG_ENABLE_OBJC_WEAK = YES;
				CLANG_WARN_BLOCK_CAPTURE_AUTORELEASING = YES;
				CLANG_WARN_BOOL_CONVERSION = YES;
				CLANG_WARN_COMMA = YES;
				CLANG_WARN_CONSTANT_CONVERSION = YES;
				CLANG_WARN_DEPRECATED_OBJC_IMPLEMENTATIONS = YES;
				CLANG_WARN_DIRECT_OBJC_ISA_USAGE = YES_ERROR;
				CLANG_WARN_DOCUMENTATION_COMMENTS = YES;
				CLANG_WARN_EMPTY_BODY = YES;
				CLANG_WARN_ENUM_CONVERSION = YES;
				CLANG_WARN_INFINITE_RECURSION = YES;
				CLANG_WARN_INT_CONVERSION = YES;
				CLANG_WARN_NON_LITERAL_NULL_CONVERSION = YES;
				CLANG_WARN_OBJC_IMPLICIT_RETAIN_SELF = YES;
				CLANG_WARN_OBJC_LITERAL_CONVERSION = YES;
				CLANG_WARN_OBJC_ROOT_CLASS = YES_ERROR;
				CLANG_WARN_QUOTED_INCLUDE_IN_FRAMEWORK_HEADER = YES;
				CLANG_WARN_RANGE_LOOP_ANALYSIS = YES;
				CLANG_WARN_STRICT_PROTOTYPES = YES;
				CLANG_WARN_SUSPICIOUS_MOVE = YES;
				CLANG_WARN_UNGUARDED_AVAILABILITY = YES_AGGRESSIVE;
				CLANG_WARN_UNREACHABLE_CODE = YES;
				CLANG_WARN__DUPLICATE_METHOD_MATCH = YES;
				COPY_PHASE_STRIP = NO;
				DEBUG_INFORMATION_FORMAT = dwarf;
				ENABLE_STRICT_OBJC_MSGSEND = YES;
				ENABLE_TESTABILITY = YES;
				GCC_C_LANGUAGE_STANDARD = gnu11;
				GCC_DYNAMIC_NO_PIC = NO;
				GCC_NO_COMMON_BLOCKS = YES;
				GCC_OPTIMIZATION_LEVEL = 0;
				GCC_PREPROCESSOR_DEFINITIONS = (
					"DEBUG=1",
					"$(inherited)",
				);
				GCC_WARN_64_TO_32_BIT_CONVERSION = YES;
				GCC_WARN_ABOUT_RETURN_TYPE = YES_ERROR;
				GCC_WARN_UNDECLARED_SELECTOR = YES;
				GCC_WARN_UNINITIALIZED_AUTOS = YES_AGGRESSIVE;
				GCC_WARN_UNUSED_FUNCTION = YES;
				GCC_WARN_UNUSED_VARIABLE = YES;
				IPHONEOS_DEPLOYMENT_TARGET = 15.0;
				MTL_ENABLE_DEBUG_INFO = INCLUDE_SOURCE;
				MTL_FAST_MATH = YES;
				ONLY_ACTIVE_ARCH = YES;
				SDKROOT = iphoneos;
				SWIFT_ACTIVE_COMPILATION_CONDITIONS = DEBUG;
				SWIFT_OPTIMIZATION_LEVEL = "-Onone";
			};
			name = Debug;
		};
		DC0CB6B527A32D2D0038E655 /* Release */ = {
			isa = XCBuildConfiguration;
			buildSettings = {
				ALWAYS_SEARCH_USER_PATHS = NO;
				CLANG_ANALYZER_NONNULL = YES;
				CLANG_ANALYZER_NUMBER_OBJECT_CONVERSION = YES_AGGRESSIVE;
				CLANG_CXX_LANGUAGE_STANDARD = "gnu++17";
				CLANG_CXX_LIBRARY = "libc++";
				CLANG_ENABLE_MODULES = YES;
				CLANG_ENABLE_OBJC_ARC = YES;
				CLANG_ENABLE_OBJC_WEAK = YES;
				CLANG_WARN_BLOCK_CAPTURE_AUTORELEASING = YES;
				CLANG_WARN_BOOL_CONVERSION = YES;
				CLANG_WARN_COMMA = YES;
				CLANG_WARN_CONSTANT_CONVERSION = YES;
				CLANG_WARN_DEPRECATED_OBJC_IMPLEMENTATIONS = YES;
				CLANG_WARN_DIRECT_OBJC_ISA_USAGE = YES_ERROR;
				CLANG_WARN_DOCUMENTATION_COMMENTS = YES;
				CLANG_WARN_EMPTY_BODY = YES;
				CLANG_WARN_ENUM_CONVERSION = YES;
				CLANG_WARN_INFINITE_RECURSION = YES;
				CLANG_WARN_INT_CONVERSION = YES;
				CLANG_WARN_NON_LITERAL_NULL_CONVERSION = YES;
				CLANG_WARN_OBJC_IMPLICIT_RETAIN_SELF = YES;
				CLANG_WARN_OBJC_LITERAL_CONVERSION = YES;
				CLANG_WARN_OBJC_ROOT_CLASS = YES_ERROR;
				CLANG_WARN_QUOTED_INCLUDE_IN_FRAMEWORK_HEADER = YES;
				CLANG_WARN_RANGE_LOOP_ANALYSIS = YES;
				CLANG_WARN_STRICT_PROTOTYPES = YES;
				CLANG_WARN_SUSPICIOUS_MOVE = YES;
				CLANG_WARN_UNGUARDED_AVAILABILITY = YES_AGGRESSIVE;
				CLANG_WARN_UNREACHABLE_CODE = YES;
				CLANG_WARN__DUPLICATE_METHOD_MATCH = YES;
				COPY_PHASE_STRIP = NO;
				DEBUG_INFORMATION_FORMAT = "dwarf-with-dsym";
				ENABLE_NS_ASSERTIONS = NO;
				ENABLE_STRICT_OBJC_MSGSEND = YES;
				GCC_C_LANGUAGE_STANDARD = gnu11;
				GCC_NO_COMMON_BLOCKS = YES;
				GCC_WARN_64_TO_32_BIT_CONVERSION = YES;
				GCC_WARN_ABOUT_RETURN_TYPE = YES_ERROR;
				GCC_WARN_UNDECLARED_SELECTOR = YES;
				GCC_WARN_UNINITIALIZED_AUTOS = YES_AGGRESSIVE;
				GCC_WARN_UNUSED_FUNCTION = YES;
				GCC_WARN_UNUSED_VARIABLE = YES;
				IPHONEOS_DEPLOYMENT_TARGET = 15.0;
				MTL_ENABLE_DEBUG_INFO = NO;
				MTL_FAST_MATH = YES;
				SDKROOT = iphoneos;
				SWIFT_COMPILATION_MODE = wholemodule;
				SWIFT_OPTIMIZATION_LEVEL = "-O";
				VALIDATE_PRODUCT = YES;
			};
			name = Release;
		};
		DC0CB6B727A32D2D0038E655 /* Debug */ = {
			isa = XCBuildConfiguration;
			buildSettings = {
				ASSETCATALOG_COMPILER_APPICON_NAME = AppIcon;
				ASSETCATALOG_COMPILER_GLOBAL_ACCENT_COLOR_NAME = AccentColor;
				CODE_SIGN_STYLE = Automatic;
				CURRENT_PROJECT_VERSION = 1;
				DEVELOPMENT_ASSET_PATHS = "\"City Sights App/Preview Content\"";
				DEVELOPMENT_TEAM = 52F5VKDHFW;
				ENABLE_PREVIEWS = YES;
				GENERATE_INFOPLIST_FILE = YES;
				INFOPLIST_KEY_NSLocationWhenInUseUsageDescription = "Grant permission to find restaurants and sights near you. ";
				INFOPLIST_KEY_UIApplicationSceneManifest_Generation = YES;
				INFOPLIST_KEY_UIApplicationSupportsIndirectInputEvents = YES;
				INFOPLIST_KEY_UILaunchScreen_Generation = YES;
				INFOPLIST_KEY_UISupportedInterfaceOrientations_iPad = "UIInterfaceOrientationPortrait UIInterfaceOrientationPortraitUpsideDown UIInterfaceOrientationLandscapeLeft UIInterfaceOrientationLandscapeRight";
				INFOPLIST_KEY_UISupportedInterfaceOrientations_iPhone = "UIInterfaceOrientationPortrait UIInterfaceOrientationLandscapeLeft UIInterfaceOrientationLandscapeRight";
				IPHONEOS_DEPLOYMENT_TARGET = 14.0;
				LD_RUNPATH_SEARCH_PATHS = (
					"$(inherited)",
					"@executable_path/Frameworks",
				);
				MARKETING_VERSION = 1.0;
				PRODUCT_BUNDLE_IDENTIFIER = "com.mikedobin.City-Sights-App";
				PRODUCT_NAME = "$(TARGET_NAME)";
				SWIFT_EMIT_LOC_STRINGS = YES;
				SWIFT_VERSION = 5.0;
				TARGETED_DEVICE_FAMILY = "1,2";
			};
			name = Debug;
		};
		DC0CB6B827A32D2D0038E655 /* Release */ = {
			isa = XCBuildConfiguration;
			buildSettings = {
				ASSETCATALOG_COMPILER_APPICON_NAME = AppIcon;
				ASSETCATALOG_COMPILER_GLOBAL_ACCENT_COLOR_NAME = AccentColor;
				CODE_SIGN_STYLE = Automatic;
				CURRENT_PROJECT_VERSION = 1;
				DEVELOPMENT_ASSET_PATHS = "\"City Sights App/Preview Content\"";
				DEVELOPMENT_TEAM = 52F5VKDHFW;
				ENABLE_PREVIEWS = YES;
				GENERATE_INFOPLIST_FILE = YES;
				INFOPLIST_KEY_NSLocationWhenInUseUsageDescription = "Grant permission to find restaurants and sights near you. ";
				INFOPLIST_KEY_UIApplicationSceneManifest_Generation = YES;
				INFOPLIST_KEY_UIApplicationSupportsIndirectInputEvents = YES;
				INFOPLIST_KEY_UILaunchScreen_Generation = YES;
				INFOPLIST_KEY_UISupportedInterfaceOrientations_iPad = "UIInterfaceOrientationPortrait UIInterfaceOrientationPortraitUpsideDown UIInterfaceOrientationLandscapeLeft UIInterfaceOrientationLandscapeRight";
				INFOPLIST_KEY_UISupportedInterfaceOrientations_iPhone = "UIInterfaceOrientationPortrait UIInterfaceOrientationLandscapeLeft UIInterfaceOrientationLandscapeRight";
				IPHONEOS_DEPLOYMENT_TARGET = 14.0;
				LD_RUNPATH_SEARCH_PATHS = (
					"$(inherited)",
					"@executable_path/Frameworks",
				);
				MARKETING_VERSION = 1.0;
				PRODUCT_BUNDLE_IDENTIFIER = "com.mikedobin.City-Sights-App";
				PRODUCT_NAME = "$(TARGET_NAME)";
				SWIFT_EMIT_LOC_STRINGS = YES;
				SWIFT_VERSION = 5.0;
				TARGETED_DEVICE_FAMILY = "1,2";
			};
			name = Release;
		};
/* End XCBuildConfiguration section */

/* Begin XCConfigurationList section */
		DC0CB6A327A32D240038E655 /* Build configuration list for PBXProject "City Sights App" */ = {
			isa = XCConfigurationList;
			buildConfigurations = (
				DC0CB6B427A32D2D0038E655 /* Debug */,
				DC0CB6B527A32D2D0038E655 /* Release */,
			);
			defaultConfigurationIsVisible = 0;
			defaultConfigurationName = Release;
		};
		DC0CB6B627A32D2D0038E655 /* Build configuration list for PBXNativeTarget "City Sights App" */ = {
			isa = XCConfigurationList;
			buildConfigurations = (
				DC0CB6B727A32D2D0038E655 /* Debug */,
				DC0CB6B827A32D2D0038E655 /* Release */,
			);
			defaultConfigurationIsVisible = 0;
			defaultConfigurationName = Release;
		};
/* End XCConfigurationList section */
	};
	rootObject = DC0CB6A027A32D240038E655 /* Project object */;
}
